
Microsoft Visual Studio Solution File, Format Version 12.00
# Visual Studio Version 17
VisualStudioVersion = 17.7.34031.279
MinimumVisualStudioVersion = 10.0.40219.1
Project("{8BC9CEB8-8B4A-11D0-8D11-00A0C91BC942}") = "Huffman Code", "Huffman Code\Huffman Code.vcxproj", "{52133D9A-0EB2-4242-B758-B28D23A43889}"
EndProject
Global
	GlobalSection(SolutionConfigurationPlatforms) = preSolution
		Debug|x64 = Debug|x64
		Debug|x86 = Debug|x86
		Release|x64 = Release|x64
		Release|x86 = Release|x86
	EndGlobalSection
	GlobalSection(ProjectConfigurationPlatforms) = postSolution
		{52133D9A-0EB2-4242-B758-B28D23A43889}.Debug|x64.ActiveCfg = Debug|x64
		{52133D9A-0EB2-4242-B758-B28D23A43889}.Debug|x64.Build.0 = Debug|x64
		{52133D9A-0EB2-4242-B758-B28D23A43889}.Debug|x86.ActiveCfg = Debug|Win32
		{52133D9A-0EB2-4242-B758-B28D23A43889}.Debug|x86.Build.0 = Debug|Win32
		{52133D9A-0EB2-4242-B758-B28D23A43889}.Release|x64.ActiveCfg = Release|x64
		{52133D9A-0EB2-4242-B758-B28D23A43889}.Release|x64.Build.0 = Release|x64
		{52133D9A-0EB2-4242-B758-B28D23A43889}.Release|x86.ActiveCfg = Release|Win32
		{52133D9A-0EB2-4242-B758-B28D23A43889}.Release|x86.Build.0 = Release|Win32
	EndGlobalSection
	GlobalSection(SolutionProperties) = preSolution
		HideSolutionNode = FALSE
	EndGlobalSection
	GlobalSection(ExtensibilityGlobals) = postSolution
		SolutionGuid = {7B303468-CD14-4982-99B5-B370A1E76154}
	EndGlobalSection
EndGlobal
